// !$*UTF8*$!
{
	archiveVersion = 1;
	classes = {
	};
	objectVersion = 46;
	objects = {

/* Begin PBXBuildFile section */
		25D08B201C41EAC900319C11 /* AppDelegate.swift in Sources */ = {isa = PBXBuildFile; fileRef = 25D08B1F1C41EAC900319C11 /* AppDelegate.swift */; };
		25D08B221C41EAC900319C11 /* ViewController.swift in Sources */ = {isa = PBXBuildFile; fileRef = 25D08B211C41EAC900319C11 /* ViewController.swift */; };
		25D08B251C41EAC900319C11 /* Main.storyboard in Resources */ = {isa = PBXBuildFile; fileRef = 25D08B231C41EAC900319C11 /* Main.storyboard */; };
		25D08B271C41EAC900319C11 /* Assets.xcassets in Resources */ = {isa = PBXBuildFile; fileRef = 25D08B261C41EAC900319C11 /* Assets.xcassets */; };
		25D08B2A1C41EAC900319C11 /* LaunchScreen.storyboard in Resources */ = {isa = PBXBuildFile; fileRef = 25D08B281C41EAC900319C11 /* LaunchScreen.storyboard */; };
		25D08B351C41EAC900319C11 /* BumblTests.swift in Sources */ = {isa = PBXBuildFile; fileRef = 25D08B341C41EAC900319C11 /* BumblTests.swift */; };
		727F385512EE3E865BC89483 /* Pods_Bumbl.framework in Frameworks */ = {isa = PBXBuildFile; fileRef = 4CFBF85138A5896BF8A5BBC7 /* Pods_Bumbl.framework */; };
/* End PBXBuildFile section */

/* Begin PBXContainerItemProxy section */
		25D08B311C41EAC900319C11 /* PBXContainerItemProxy */ = {
			isa = PBXContainerItemProxy;
			containerPortal = 25D08B141C41EAC900319C11 /* Project object */;
			proxyType = 1;
			remoteGlobalIDString = 25D08B1B1C41EAC900319C11;
			remoteInfo = Bumbl;
		};
/* End PBXContainerItemProxy section */

/* Begin PBXFileReference section */
		2592264BB6C1997D49E7DB78 /* Pods-Bumbl.debug.xcconfig */ = {isa = PBXFileReference; includeInIndex = 1; lastKnownFileType = text.xcconfig; name = "Pods-Bumbl.debug.xcconfig"; path = "Pods/Target Support Files/Pods-Bumbl/Pods-Bumbl.debug.xcconfig"; sourceTree = "<group>"; };
		25D08B1C1C41EAC900319C11 /* Bumbl.app */ = {isa = PBXFileReference; explicitFileType = wrapper.application; includeInIndex = 0; path = Bumbl.app; sourceTree = BUILT_PRODUCTS_DIR; };
		25D08B1F1C41EAC900319C11 /* AppDelegate.swift */ = {isa = PBXFileReference; lastKnownFileType = sourcecode.swift; path = AppDelegate.swift; sourceTree = "<group>"; };
		25D08B211C41EAC900319C11 /* ViewController.swift */ = {isa = PBXFileReference; lastKnownFileType = sourcecode.swift; path = ViewController.swift; sourceTree = "<group>"; };
		25D08B241C41EAC900319C11 /* Base */ = {isa = PBXFileReference; lastKnownFileType = file.storyboard; name = Base; path = Base.lproj/Main.storyboard; sourceTree = "<group>"; };
		25D08B261C41EAC900319C11 /* Assets.xcassets */ = {isa = PBXFileReference; lastKnownFileType = folder.assetcatalog; path = Assets.xcassets; sourceTree = "<group>"; };
		25D08B291C41EAC900319C11 /* Base */ = {isa = PBXFileReference; lastKnownFileType = file.storyboard; name = Base; path = Base.lproj/LaunchScreen.storyboard; sourceTree = "<group>"; };
		25D08B2B1C41EAC900319C11 /* Info.plist */ = {isa = PBXFileReference; lastKnownFileType = text.plist.xml; path = Info.plist; sourceTree = "<group>"; };
		25D08B301C41EAC900319C11 /* BumblTests.xctest */ = {isa = PBXFileReference; explicitFileType = wrapper.cfbundle; includeInIndex = 0; path = BumblTests.xctest; sourceTree = BUILT_PRODUCTS_DIR; };
		25D08B341C41EAC900319C11 /* BumblTests.swift */ = {isa = PBXFileReference; lastKnownFileType = sourcecode.swift; path = BumblTests.swift; sourceTree = "<group>"; };
		25D08B361C41EAC900319C11 /* Info.plist */ = {isa = PBXFileReference; lastKnownFileType = text.plist.xml; path = Info.plist; sourceTree = "<group>"; };
		4CFBF85138A5896BF8A5BBC7 /* Pods_Bumbl.framework */ = {isa = PBXFileReference; explicitFileType = wrapper.framework; includeInIndex = 0; path = Pods_Bumbl.framework; sourceTree = BUILT_PRODUCTS_DIR; };
		D4FD8070715456C8228E9513 /* Pods-Bumbl.release.xcconfig */ = {isa = PBXFileReference; includeInIndex = 1; lastKnownFileType = text.xcconfig; name = "Pods-Bumbl.release.xcconfig"; path = "Pods/Target Support Files/Pods-Bumbl/Pods-Bumbl.release.xcconfig"; sourceTree = "<group>"; };
/* End PBXFileReference section */

/* Begin PBXFrameworksBuildPhase section */
		25D08B191C41EAC900319C11 /* Frameworks */ = {
			isa = PBXFrameworksBuildPhase;
			buildActionMask = 2147483647;
			files = (
				727F385512EE3E865BC89483 /* Pods_Bumbl.framework in Frameworks */,
			);
			runOnlyForDeploymentPostprocessing = 0;
		};
		25D08B2D1C41EAC900319C11 /* Frameworks */ = {
			isa = PBXFrameworksBuildPhase;
			buildActionMask = 2147483647;
			files = (
			);
			runOnlyForDeploymentPostprocessing = 0;
		};
/* End PBXFrameworksBuildPhase section */

/* Begin PBXGroup section */
		0E89F6D36059E4195C59D4FC /* Frameworks */ = {
			isa = PBXGroup;
			children = (
				4CFBF85138A5896BF8A5BBC7 /* Pods_Bumbl.framework */,
			);
			name = Frameworks;
			sourceTree = "<group>";
		};
		25D08B131C41EAC900319C11 = {
			isa = PBXGroup;
			children = (
				25D08B1E1C41EAC900319C11 /* Bumbl */,
				25D08B331C41EAC900319C11 /* BumblTests */,
				25D08B1D1C41EAC900319C11 /* Products */,
				2D938AD1DF2507A65D8A7366 /* Pods */,
				0E89F6D36059E4195C59D4FC /* Frameworks */,
			);
			sourceTree = "<group>";
		};
		25D08B1D1C41EAC900319C11 /* Products */ = {
			isa = PBXGroup;
			children = (
				25D08B1C1C41EAC900319C11 /* Bumbl.app */,
				25D08B301C41EAC900319C11 /* BumblTests.xctest */,
			);
			name = Products;
			sourceTree = "<group>";
		};
		25D08B1E1C41EAC900319C11 /* Bumbl */ = {
			isa = PBXGroup;
			children = (
				25D08B1F1C41EAC900319C11 /* AppDelegate.swift */,
				25D08B211C41EAC900319C11 /* ViewController.swift */,
				25D08B231C41EAC900319C11 /* Main.storyboard */,
				25D08B261C41EAC900319C11 /* Assets.xcassets */,
				25D08B281C41EAC900319C11 /* LaunchScreen.storyboard */,
				25D08B2B1C41EAC900319C11 /* Info.plist */,
			);
			path = Bumbl;
			sourceTree = "<group>";
		};
		25D08B331C41EAC900319C11 /* BumblTests */ = {
			isa = PBXGroup;
			children = (
				25D08B341C41EAC900319C11 /* BumblTests.swift */,
				25D08B361C41EAC900319C11 /* Info.plist */,
			);
			path = BumblTests;
			sourceTree = "<group>";
		};
		2D938AD1DF2507A65D8A7366 /* Pods */ = {
			isa = PBXGroup;
			children = (
				2592264BB6C1997D49E7DB78 /* Pods-Bumbl.debug.xcconfig */,
				D4FD8070715456C8228E9513 /* Pods-Bumbl.release.xcconfig */,
			);
			name = Pods;
			sourceTree = "<group>";
		};
/* End PBXGroup section */

/* Begin PBXNativeTarget section */
		25D08B1B1C41EAC900319C11 /* Bumbl */ = {
			isa = PBXNativeTarget;
			buildConfigurationList = 25D08B391C41EAC900319C11 /* Build configuration list for PBXNativeTarget "Bumbl" */;
			buildPhases = (
				C8900F63D75ABA61967F5A3F /* Check Pods Manifest.lock */,
				25D08B181C41EAC900319C11 /* Sources */,
				25D08B191C41EAC900319C11 /* Frameworks */,
				25D08B1A1C41EAC900319C11 /* Resources */,
				3A4B358627C1522074A64304 /* Embed Pods Frameworks */,
				3097623FB70CBDD1FD845AA1 /* Copy Pods Resources */,
			);
			buildRules = (
			);
			dependencies = (
			);
			name = Bumbl;
			productName = Bumbl;
			productReference = 25D08B1C1C41EAC900319C11 /* Bumbl.app */;
			productType = "com.apple.product-type.application";
		};
		25D08B2F1C41EAC900319C11 /* BumblTests */ = {
			isa = PBXNativeTarget;
			buildConfigurationList = 25D08B3C1C41EAC900319C11 /* Build configuration list for PBXNativeTarget "BumblTests" */;
			buildPhases = (
				25D08B2C1C41EAC900319C11 /* Sources */,
				25D08B2D1C41EAC900319C11 /* Frameworks */,
				25D08B2E1C41EAC900319C11 /* Resources */,
			);
			buildRules = (
			);
			dependencies = (
				25D08B321C41EAC900319C11 /* PBXTargetDependency */,
			);
			name = BumblTests;
			productName = BumblTests;
			productReference = 25D08B301C41EAC900319C11 /* BumblTests.xctest */;
			productType = "com.apple.product-type.bundle.unit-test";
		};
/* End PBXNativeTarget section */

/* Begin PBXProject section */
		25D08B141C41EAC900319C11 /* Project object */ = {
			isa = PBXProject;
			attributes = {
				LastSwiftUpdateCheck = 0720;
				LastUpgradeCheck = 0720;
				ORGANIZATIONNAME = "Randy Ting";
				TargetAttributes = {
					25D08B1B1C41EAC900319C11 = {
						CreatedOnToolsVersion = 7.2;
						DevelopmentTeam = FGTTBWXGA6;
					};
					25D08B2F1C41EAC900319C11 = {
						CreatedOnToolsVersion = 7.2;
						TestTargetID = 25D08B1B1C41EAC900319C11;
					};
				};
			};
			buildConfigurationList = 25D08B171C41EAC900319C11 /* Build configuration list for PBXProject "Bumbl" */;
			compatibilityVersion = "Xcode 3.2";
			developmentRegion = English;
			hasScannedForEncodings = 0;
			knownRegions = (
				en,
				Base,
			);
			mainGroup = 25D08B131C41EAC900319C11;
			productRefGroup = 25D08B1D1C41EAC900319C11 /* Products */;
			projectDirPath = "";
			projectRoot = "";
			targets = (
				25D08B1B1C41EAC900319C11 /* Bumbl */,
				25D08B2F1C41EAC900319C11 /* BumblTests */,
			);
		};
/* End PBXProject section */

/* Begin PBXResourcesBuildPhase section */
		25D08B1A1C41EAC900319C11 /* Resources */ = {
			isa = PBXResourcesBuildPhase;
			buildActionMask = 2147483647;
			files = (
				25D08B2A1C41EAC900319C11 /* LaunchScreen.storyboard in Resources */,
				25D08B271C41EAC900319C11 /* Assets.xcassets in Resources */,
				25D08B251C41EAC900319C11 /* Main.storyboard in Resources */,
			);
			runOnlyForDeploymentPostprocessing = 0;
		};
		25D08B2E1C41EAC900319C11 /* Resources */ = {
			isa = PBXResourcesBuildPhase;
			buildActionMask = 2147483647;
			files = (
			);
			runOnlyForDeploymentPostprocessing = 0;
		};
/* End PBXResourcesBuildPhase section */

/* Begin PBXShellScriptBuildPhase section */
		3097623FB70CBDD1FD845AA1 /* Copy Pods Resources */ = {
			isa = PBXShellScriptBuildPhase;
			buildActionMask = 2147483647;
			files = (
			);
			inputPaths = (
			);
			name = "Copy Pods Resources";
			outputPaths = (
			);
			runOnlyForDeploymentPostprocessing = 0;
			shellPath = /bin/sh;
			shellScript = "\"${SRCROOT}/Pods/Target Support Files/Pods-Bumbl/Pods-Bumbl-resources.sh\"\n";
			showEnvVarsInLog = 0;
		};
		3A4B358627C1522074A64304 /* Embed Pods Frameworks */ = {
			isa = PBXShellScriptBuildPhase;
			buildActionMask = 2147483647;
			files = (
			);
			inputPaths = (
			);
			name = "Embed Pods Frameworks";
			outputPaths = (
			);
			runOnlyForDeploymentPostprocessing = 0;
			shellPath = /bin/sh;
			shellScript = "\"${SRCROOT}/Pods/Target Support Files/Pods-Bumbl/Pods-Bumbl-frameworks.sh\"\n";
			showEnvVarsInLog = 0;
		};
		C8900F63D75ABA61967F5A3F /* Check Pods Manifest.lock */ = {
			isa = PBXShellScriptBuildPhase;
			buildActionMask = 2147483647;
			files = (
			);
			inputPaths = (
			);
			name = "Check Pods Manifest.lock";
			outputPaths = (
			);
			runOnlyForDeploymentPostprocessing = 0;
			shellPath = /bin/sh;
			shellScript = "diff \"${PODS_ROOT}/../Podfile.lock\" \"${PODS_ROOT}/Manifest.lock\" > /dev/null\nif [[ $? != 0 ]] ; then\n    cat << EOM\nerror: The sandbox is not in sync with the Podfile.lock. Run 'pod install' or update your CocoaPods installation.\nEOM\n    exit 1\nfi\n";
			showEnvVarsInLog = 0;
		};
/* End PBXShellScriptBuildPhase section */

/* Begin PBXSourcesBuildPhase section */
		25D08B181C41EAC900319C11 /* Sources */ = {
			isa = PBXSourcesBuildPhase;
			buildActionMask = 2147483647;
			files = (
				25D08B221C41EAC900319C11 /* ViewController.swift in Sources */,
				25D08B201C41EAC900319C11 /* AppDelegate.swift in Sources */,
			);
			runOnlyForDeploymentPostprocessing = 0;
		};
		25D08B2C1C41EAC900319C11 /* Sources */ = {
			isa = PBXSourcesBuildPhase;
			buildActionMask = 2147483647;
			files = (
				25D08B351C41EAC900319C11 /* BumblTests.swift in Sources */,
			);
			runOnlyForDeploymentPostprocessing = 0;
		};
/* End PBXSourcesBuildPhase section */

/* Begin PBXTargetDependency section */
		25D08B321C41EAC900319C11 /* PBXTargetDependency */ = {
			isa = PBXTargetDependency;
			target = 25D08B1B1C41EAC900319C11 /* Bumbl */;
			targetProxy = 25D08B311C41EAC900319C11 /* PBXContainerItemProxy */;
		};
/* End PBXTargetDependency section */

/* Begin PBXVariantGroup section */
		25D08B231C41EAC900319C11 /* Main.storyboard */ = {
			isa = PBXVariantGroup;
			children = (
				25D08B241C41EAC900319C11 /* Base */,
			);
			name = Main.storyboard;
			sourceTree = "<group>";
		};
		25D08B281C41EAC900319C11 /* LaunchScreen.storyboard */ = {
			isa = PBXVariantGroup;
			children = (
				25D08B291C41EAC900319C11 /* Base */,
			);
			name = LaunchScreen.storyboard;
			sourceTree = "<group>";
		};
/* End PBXVariantGroup section */

/* Begin XCBuildConfiguration section */
		25D08B371C41EAC900319C11 /* Debug */ = {
			isa = XCBuildConfiguration;
			buildSettings = {
				ALWAYS_SEARCH_USER_PATHS = NO;
				CLANG_CXX_LANGUAGE_STANDARD = "gnu++0x";
				CLANG_CXX_LIBRARY = "libc++";
				CLANG_ENABLE_MODULES = YES;
				CLANG_ENABLE_OBJC_ARC = YES;
				CLANG_WARN_BOOL_CONVERSION = YES;
				CLANG_WARN_CONSTANT_CONVERSION = YES;
				CLANG_WARN_DIRECT_OBJC_ISA_USAGE = YES_ERROR;
				CLANG_WARN_EMPTY_BODY = YES;
				CLANG_WARN_ENUM_CONVERSION = YES;
				CLANG_WARN_INT_CONVERSION = YES;
				CLANG_WARN_OBJC_ROOT_CLASS = YES_ERROR;
				CLANG_WARN_UNREACHABLE_CODE = YES;
				CLANG_WARN__DUPLICATE_METHOD_MATCH = YES;
				"CODE_SIGN_IDENTITY[sdk=iphoneos*]" = "iPhone Developer";
				COPY_PHASE_STRIP = NO;
				DEBUG_INFORMATION_FORMAT = dwarf;
				ENABLE_STRICT_OBJC_MSGSEND = YES;
				ENABLE_TESTABILITY = YES;
				GCC_C_LANGUAGE_STANDARD = gnu99;
				GCC_DYNAMIC_NO_PIC = NO;
				GCC_NO_COMMON_BLOCKS = YES;
				GCC_OPTIMIZATION_LEVEL = 0;
				GCC_PREPROCESSOR_DEFINITIONS = (
					"DEBUG=1",
					"$(inherited)",
				);
				GCC_WARN_64_TO_32_BIT_CONVERSION = YES;
				GCC_WARN_ABOUT_RETURN_TYPE = YES_ERROR;
				GCC_WARN_UNDECLARED_SELECTOR = YES;
				GCC_WARN_UNINITIALIZED_AUTOS = YES_AGGRESSIVE;
				GCC_WARN_UNUSED_FUNCTION = YES;
				GCC_WARN_UNUSED_VARIABLE = YES;
				IPHONEOS_DEPLOYMENT_TARGET = 9.2;
				MTL_ENABLE_DEBUG_INFO = YES;
				ONLY_ACTIVE_ARCH = YES;
				SDKROOT = iphoneos;
				SWIFT_OPTIMIZATION_LEVEL = "-Onone";
			};
			name = Debug;
		};
		25D08B381C41EAC900319C11 /* Release */ = {
			isa = XCBuildConfiguration;
			buildSettings = {
				ALWAYS_SEARCH_USER_PATHS = NO;
				CLANG_CXX_LANGUAGE_STANDARD = "gnu++0x";
				CLANG_CXX_LIBRARY = "libc++";
				CLANG_ENABLE_MODULES = YES;
				CLANG_ENABLE_OBJC_ARC = YES;
				CLANG_WARN_BOOL_CONVERSION = YES;
				CLANG_WARN_CONSTANT_CONVERSION = YES;
				CLANG_WARN_DIRECT_OBJC_ISA_USAGE = YES_ERROR;
				CLANG_WARN_EMPTY_BODY = YES;
				CLANG_WARN_ENUM_CONVERSION = YES;
				CLANG_WARN_INT_CONVERSION = YES;
				CLANG_WARN_OBJC_ROOT_CLASS = YES_ERROR;
				CLANG_WARN_UNREACHABLE_CODE = YES;
				CLANG_WARN__DUPLICATE_METHOD_MATCH = YES;
				"CODE_SIGN_IDENTITY[sdk=iphoneos*]" = "iPhone Developer";
				COPY_PHASE_STRIP = NO;
				DEBUG_INFORMATION_FORMAT = "dwarf-with-dsym";
				ENABLE_NS_ASSERTIONS = NO;
				ENABLE_STRICT_OBJC_MSGSEND = YES;
				GCC_C_LANGUAGE_STANDARD = gnu99;
				GCC_NO_COMMON_BLOCKS = YES;
				GCC_WARN_64_TO_32_BIT_CONVERSION = YES;
				GCC_WARN_ABOUT_RETURN_TYPE = YES_ERROR;
				GCC_WARN_UNDECLARED_SELECTOR = YES;
				GCC_WARN_UNINITIALIZED_AUTOS = YES_AGGRESSIVE;
				GCC_WARN_UNUSED_FUNCTION = YES;
				GCC_WARN_UNUSED_VARIABLE = YES;
				IPHONEOS_DEPLOYMENT_TARGET = 9.2;
				MTL_ENABLE_DEBUG_INFO = NO;
				SDKROOT = iphoneos;
				VALIDATE_PRODUCT = YES;
			};
			name = Release;
		};
		25D08B3A1C41EAC900319C11 /* Debug */ = {
			isa = XCBuildConfiguration;
			baseConfigurationReference = 2592264BB6C1997D49E7DB78 /* Pods-Bumbl.debug.xcconfig */;
			buildSettings = {
				ASSETCATALOG_COMPILER_APPICON_NAME = AppIcon;
				CODE_SIGN_IDENTITY = "iPhone Developer";
				INFOPLIST_FILE = Bumbl/Info.plist;
				LD_RUNPATH_SEARCH_PATHS = "$(inherited) @executable_path/Frameworks";
				PRODUCT_BUNDLE_IDENTIFIER = com.randyting.Bumbl;
				PRODUCT_NAME = "$(TARGET_NAME)";
			};
			name = Debug;
		};
		25D08B3B1C41EAC900319C11 /* Release */ = {
			isa = XCBuildConfiguration;
			baseConfigurationReference = D4FD8070715456C8228E9513 /* Pods-Bumbl.release.xcconfig */;
			buildSettings = {
				ASSETCATALOG_COMPILER_APPICON_NAME = AppIcon;
				CODE_SIGN_IDENTITY = "iPhone Developer";
				INFOPLIST_FILE = Bumbl/Info.plist;
				LD_RUNPATH_SEARCH_PATHS = "$(inherited) @executable_path/Frameworks";
				PRODUCT_BUNDLE_IDENTIFIER = com.randyting.Bumbl;
				PRODUCT_NAME = "$(TARGET_NAME)";
			};
			name = Release;
		};
		25D08B3D1C41EAC900319C11 /* Debug */ = {
			isa = XCBuildConfiguration;
			buildSettings = {
				BUNDLE_LOADER = "$(TEST_HOST)";
				INFOPLIST_FILE = BumblTests/Info.plist;
				LD_RUNPATH_SEARCH_PATHS = "$(inherited) @executable_path/Frameworks @loader_path/Frameworks";
				PRODUCT_BUNDLE_IDENTIFIER = com.randyting.BumblTests;
				PRODUCT_NAME = "$(TARGET_NAME)";
				TEST_HOST = "$(BUILT_PRODUCTS_DIR)/Bumbl.app/Bumbl";
			};
			name = Debug;
		};
		25D08B3E1C41EAC900319C11 /* Release */ = {
			isa = XCBuildConfiguration;
			buildSettings = {
				BUNDLE_LOADER = "$(TEST_HOST)";
				INFOPLIST_FILE = BumblTests/Info.plist;
				LD_RUNPATH_SEARCH_PATHS = "$(inherited) @executable_path/Frameworks @loader_path/Frameworks";
				PRODUCT_BUNDLE_IDENTIFIER = com.randyting.BumblTests;
				PRODUCT_NAME = "$(TARGET_NAME)";
				TEST_HOST = "$(BUILT_PRODUCTS_DIR)/Bumbl.app/Bumbl";
			};
			name = Release;
		};
/* End XCBuildConfiguration section */

/* Begin XCConfigurationList section */
		25D08B171C41EAC900319C11 /* Build configuration list for PBXProject "Bumbl" */ = {
			isa = XCConfigurationList;
			buildConfigurations = (
				25D08B371C41EAC900319C11 /* Debug */,
				25D08B381C41EAC900319C11 /* Release */,
			);
			defaultConfigurationIsVisible = 0;
			defaultConfigurationName = Release;
		};
		25D08B391C41EAC900319C11 /* Build configuration list for PBXNativeTarget "Bumbl" */ = {
			isa = XCConfigurationList;
			buildConfigurations = (
				25D08B3A1C41EAC900319C11 /* Debug */,
				25D08B3B1C41EAC900319C11 /* Release */,
			);
			defaultConfigurationIsVisible = 0;
			defaultConfigurationName = Release;
		};
		25D08B3C1C41EAC900319C11 /* Build configuration list for PBXNativeTarget "BumblTests" */ = {
			isa = XCConfigurationList;
			buildConfigurations = (
				25D08B3D1C41EAC900319C11 /* Debug */,
				25D08B3E1C41EAC900319C11 /* Release */,
			);
			defaultConfigurationIsVisible = 0;
			defaultConfigurationName = Release;
		};
/* End XCConfigurationList section */
	};
	rootObject = 25D08B141C41EAC900319C11 /* Project object */;
}
