// !$*UTF8*$!
{
	archiveVersion = 1;
	classes = {
	};
	objectVersion = 46;
	objects = {

/* Begin PBXBuildFile section */
		250658FF1C8BA1630003DC57 /* BBLIntroViewController.swift in Sources */ = {isa = PBXBuildFile; fileRef = 250658FD1C8BA1630003DC57 /* BBLIntroViewController.swift */; };
		250659001C8BA1630003DC57 /* BBLIntroViewController.xib in Resources */ = {isa = PBXBuildFile; fileRef = 250658FE1C8BA1630003DC57 /* BBLIntroViewController.xib */; };
		250659031C8BB2820003DC57 /* BBLRemoveBatteryTabViewController.swift in Sources */ = {isa = PBXBuildFile; fileRef = 250659011C8BB2820003DC57 /* BBLRemoveBatteryTabViewController.swift */; };
		250659041C8BB2820003DC57 /* BBLRemoveBatteryTabViewController.xib in Resources */ = {isa = PBXBuildFile; fileRef = 250659021C8BB2820003DC57 /* BBLRemoveBatteryTabViewController.xib */; };
		250659071C8BBB140003DC57 /* BBLSignInPickerVC.swift in Sources */ = {isa = PBXBuildFile; fileRef = 250659051C8BBB140003DC57 /* BBLSignInPickerVC.swift */; };
		250659081C8BBB140003DC57 /* BBLSignInPickerVC.xib in Resources */ = {isa = PBXBuildFile; fileRef = 250659061C8BBB140003DC57 /* BBLSignInPickerVC.xib */; };
		2506590A1C8C29120003DC57 /* BBLLoginViewController.xib in Resources */ = {isa = PBXBuildFile; fileRef = 250659091C8C29120003DC57 /* BBLLoginViewController.xib */; };
		251EE2DF1C540AA200D295C3 /* UIViewController+Bumbl.swift in Sources */ = {isa = PBXBuildFile; fileRef = 251EE2DE1C540AA200D295C3 /* UIViewController+Bumbl.swift */; };
		251EE2E11C54565C00D295C3 /* UIColor+Bumbl.swift in Sources */ = {isa = PBXBuildFile; fileRef = 251EE2E01C54565C00D295C3 /* UIColor+Bumbl.swift */; };
		252324461D0F7F12009D20B0 /* BBLSensorValueGaugeView.swift in Sources */ = {isa = PBXBuildFile; fileRef = 252324451D0F7F12009D20B0 /* BBLSensorValueGaugeView.swift */; };
		252324481D0F7F27009D20B0 /* BBLSensorValueGaugeView.xib in Resources */ = {isa = PBXBuildFile; fileRef = 252324471D0F7F27009D20B0 /* BBLSensorValueGaugeView.xib */; };
		2523244F1D0FCA80009D20B0 /* BBLSensorDetailViewController.swift in Sources */ = {isa = PBXBuildFile; fileRef = 2523244D1D0FCA80009D20B0 /* BBLSensorDetailViewController.swift */; };
		252324501D0FCA80009D20B0 /* BBLSensorDetailViewController.xib in Resources */ = {isa = PBXBuildFile; fileRef = 2523244E1D0FCA80009D20B0 /* BBLSensorDetailViewController.xib */; };
		252324531D0FCE94009D20B0 /* MapKit.framework in Frameworks */ = {isa = PBXBuildFile; fileRef = 252324511D0FCE40009D20B0 /* MapKit.framework */; };
		252324571D10B7E9009D20B0 /* BBLEditSensorViewController.swift in Sources */ = {isa = PBXBuildFile; fileRef = 252324551D10B7E9009D20B0 /* BBLEditSensorViewController.swift */; };
		252324581D10B7E9009D20B0 /* BBLEditSensorViewController.xib in Resources */ = {isa = PBXBuildFile; fileRef = 252324561D10B7E9009D20B0 /* BBLEditSensorViewController.xib */; };
		2523245A1D10B8A5009D20B0 /* BBLTextField.swift in Sources */ = {isa = PBXBuildFile; fileRef = 252324591D10B8A5009D20B0 /* BBLTextField.swift */; };
		2523245C1D10BB2E009D20B0 /* BBLModalBottomButton.swift in Sources */ = {isa = PBXBuildFile; fileRef = 2523245B1D10BB2E009D20B0 /* BBLModalBottomButton.swift */; };
		2533A5181C51E71B000F9562 /* BBLLoginViewController.swift in Sources */ = {isa = PBXBuildFile; fileRef = 2533A5171C51E71B000F9562 /* BBLLoginViewController.swift */; };
		2533A51B1C51EC7B000F9562 /* BBLDebugConnectionViewController.swift in Sources */ = {isa = PBXBuildFile; fileRef = 2533A5191C51EC7B000F9562 /* BBLDebugConnectionViewController.swift */; };
		2533A51C1C51EC7B000F9562 /* BBLDebugConnectionViewController.xib in Resources */ = {isa = PBXBuildFile; fileRef = 2533A51A1C51EC7B000F9562 /* BBLDebugConnectionViewController.xib */; };
		2533A51E1C520897000F9562 /* BBLSession.swift in Sources */ = {isa = PBXBuildFile; fileRef = 2533A51D1C520897000F9562 /* BBLSession.swift */; };
		2533A5211C5211F5000F9562 /* BBLDebugMySensorsViewController.swift in Sources */ = {isa = PBXBuildFile; fileRef = 2533A51F1C5211F5000F9562 /* BBLDebugMySensorsViewController.swift */; };
		2533A5221C5211F5000F9562 /* BBLDebugMySensorsViewController.xib in Resources */ = {isa = PBXBuildFile; fileRef = 2533A5201C5211F5000F9562 /* BBLDebugMySensorsViewController.xib */; };
		2533A5241C53EFAA000F9562 /* BBLParseAPIClient.swift in Sources */ = {isa = PBXBuildFile; fileRef = 2533A5231C53EFAA000F9562 /* BBLParseAPIClient.swift */; };
		253A10651D1120B700EBC02E /* BBLConnectionViewController.swift in Sources */ = {isa = PBXBuildFile; fileRef = 253A10631D1120B700EBC02E /* BBLConnectionViewController.swift */; };
		253A10661D1120B700EBC02E /* BBLConnectionViewController.xib in Resources */ = {isa = PBXBuildFile; fileRef = 253A10641D1120B700EBC02E /* BBLConnectionViewController.xib */; };
		253A10681D1127E400EBC02E /* BBLAddSensorViewController.swift in Sources */ = {isa = PBXBuildFile; fileRef = 253A10671D1127E400EBC02E /* BBLAddSensorViewController.swift */; };
		253A106A1D112AEC00EBC02E /* BBLAddSensorViewController.xib in Resources */ = {isa = PBXBuildFile; fileRef = 253A10691D112AEC00EBC02E /* BBLAddSensorViewController.xib */; };
		257672161D112FA800B63ACE /* BBLEmergencyContactsViewController.swift in Sources */ = {isa = PBXBuildFile; fileRef = 257672141D112FA800B63ACE /* BBLEmergencyContactsViewController.swift */; };
		257672171D112FA800B63ACE /* BBLEmergencyContactsViewController.xib in Resources */ = {isa = PBXBuildFile; fileRef = 257672151D112FA800B63ACE /* BBLEmergencyContactsViewController.xib */; };
		2579339E1C6697F1000F3CA6 /* BBLStateMachine.swift in Sources */ = {isa = PBXBuildFile; fileRef = 2579339D1C6697F1000F3CA6 /* BBLStateMachine.swift */; };
		257EF4861D56C50200CF9F63 /* GoogleService-Info.plist in Resources */ = {isa = PBXBuildFile; fileRef = 257EF4851D56C50200CF9F63 /* GoogleService-Info.plist */; };
		257EF4881D56C8AA00CF9F63 /* BBLActivityLogger.swift in Sources */ = {isa = PBXBuildFile; fileRef = 257EF4871D56C8AA00CF9F63 /* BBLActivityLogger.swift */; };
		25920A601C5469B0007727BD /* BBLDebugMySensorsTableViewCell.swift in Sources */ = {isa = PBXBuildFile; fileRef = 25920A5E1C5469B0007727BD /* BBLDebugMySensorsTableViewCell.swift */; };
		259A39FF1C4B963B00706E6A /* BBLSensorManager.swift in Sources */ = {isa = PBXBuildFile; fileRef = 259A39FE1C4B963B00706E6A /* BBLSensorManager.swift */; };
		259A3A011C4CBC3C00706E6A /* BBLConstants.swift in Sources */ = {isa = PBXBuildFile; fileRef = 259A3A001C4CBC3C00706E6A /* BBLConstants.swift */; };
		25AF02E71CF1228400718172 /* UIView+Bumbl.swift in Sources */ = {isa = PBXBuildFile; fileRef = 25AF02E61CF1228400718172 /* UIView+Bumbl.swift */; };
		25AF02E91CF1297E00718172 /* UITextField+Bumbl.swift in Sources */ = {isa = PBXBuildFile; fileRef = 25AF02E81CF1297E00718172 /* UITextField+Bumbl.swift */; };
		25AF02ED1CF189F200718172 /* BBLDebugMySensorsTableViewCell.xib in Resources */ = {isa = PBXBuildFile; fileRef = 25AF02EC1CF189F200718172 /* BBLDebugMySensorsTableViewCell.xib */; };
		25AF02F01CF18A9000718172 /* BBLMySensorsViewController.swift in Sources */ = {isa = PBXBuildFile; fileRef = 25AF02EE1CF18A9000718172 /* BBLMySensorsViewController.swift */; };
		25AF02F11CF18A9000718172 /* BBLMySensorsViewController.xib in Resources */ = {isa = PBXBuildFile; fileRef = 25AF02EF1CF18A9000718172 /* BBLMySensorsViewController.xib */; };
		25AF02F41CF18C4900718172 /* BBLMySensorsTableViewCell.swift in Sources */ = {isa = PBXBuildFile; fileRef = 25AF02F21CF18C4900718172 /* BBLMySensorsTableViewCell.swift */; };
		25AF02F51CF18C4900718172 /* BBLMySensorsTableViewCell.xib in Resources */ = {isa = PBXBuildFile; fileRef = 25AF02F31CF18C4900718172 /* BBLMySensorsTableViewCell.xib */; };
		25AF02F71CF1A08600718172 /* BBLMySensorsBackgroundView.swift in Sources */ = {isa = PBXBuildFile; fileRef = 25AF02F61CF1A08600718172 /* BBLMySensorsBackgroundView.swift */; };
		25AF02F91CF1A0A700718172 /* BBLMySensorsBackgroundView.xib in Resources */ = {isa = PBXBuildFile; fileRef = 25AF02F81CF1A0A700718172 /* BBLMySensorsBackgroundView.xib */; };
		25AF02FF1CF2E02700718172 /* BBLMenuViewController.swift in Sources */ = {isa = PBXBuildFile; fileRef = 25AF02FE1CF2E02700718172 /* BBLMenuViewController.swift */; };
		25AF03011CF2E04900718172 /* BBLMenuViewController.xib in Resources */ = {isa = PBXBuildFile; fileRef = 25AF03001CF2E04900718172 /* BBLMenuViewController.xib */; };
		25B973541C44F6EB00C5E099 /* Assets.xcassets in Resources */ = {isa = PBXBuildFile; fileRef = 25B973531C44F6EB00C5E099 /* Assets.xcassets */; };
		25B973561C44F7A000C5E099 /* LaunchScreen.storyboard in Resources */ = {isa = PBXBuildFile; fileRef = 25B973551C44F7A000C5E099 /* LaunchScreen.storyboard */; };
		25B9735A1C44F94D00C5E099 /* BBLSensor.swift in Sources */ = {isa = PBXBuildFile; fileRef = 25B973591C44F94D00C5E099 /* BBLSensor.swift */; };
		25D08B201C41EAC900319C11 /* BBLAppDelegate.swift in Sources */ = {isa = PBXBuildFile; fileRef = 25D08B1F1C41EAC900319C11 /* BBLAppDelegate.swift */; };
		25D08B351C41EAC900319C11 /* BumblTests.swift in Sources */ = {isa = PBXBuildFile; fileRef = 25D08B341C41EAC900319C11 /* BumblTests.swift */; };
		25F3E2881C4F735800E2F852 /* BBLParent.swift in Sources */ = {isa = PBXBuildFile; fileRef = 25F3E2871C4F735800E2F852 /* BBLParent.swift */; };
		E83705905EDF82EA44FBFCB0 /* libPods-Bumbl.a in Frameworks */ = {isa = PBXBuildFile; fileRef = E321764C20B9583306C1F4CD /* libPods-Bumbl.a */; };
/* End PBXBuildFile section */

/* Begin PBXContainerItemProxy section */
		25D08B311C41EAC900319C11 /* PBXContainerItemProxy */ = {
			isa = PBXContainerItemProxy;
			containerPortal = 25D08B141C41EAC900319C11 /* Project object */;
			proxyType = 1;
			remoteGlobalIDString = 25D08B1B1C41EAC900319C11;
			remoteInfo = Bumbl;
		};
/* End PBXContainerItemProxy section */

/* Begin PBXFileReference section */
		250658FD1C8BA1630003DC57 /* BBLIntroViewController.swift */ = {isa = PBXFileReference; fileEncoding = 4; lastKnownFileType = sourcecode.swift; name = BBLIntroViewController.swift; path = ViewControllers/Onboarding/BBLIntroViewController.swift; sourceTree = "<group>"; };
		250658FE1C8BA1630003DC57 /* BBLIntroViewController.xib */ = {isa = PBXFileReference; fileEncoding = 4; lastKnownFileType = file.xib; name = BBLIntroViewController.xib; path = ViewControllers/Onboarding/BBLIntroViewController.xib; sourceTree = "<group>"; };
		250659011C8BB2820003DC57 /* BBLRemoveBatteryTabViewController.swift */ = {isa = PBXFileReference; fileEncoding = 4; lastKnownFileType = sourcecode.swift; name = BBLRemoveBatteryTabViewController.swift; path = ViewControllers/Onboarding/BBLRemoveBatteryTabViewController.swift; sourceTree = "<group>"; };
		250659021C8BB2820003DC57 /* BBLRemoveBatteryTabViewController.xib */ = {isa = PBXFileReference; fileEncoding = 4; lastKnownFileType = file.xib; name = BBLRemoveBatteryTabViewController.xib; path = ViewControllers/Onboarding/BBLRemoveBatteryTabViewController.xib; sourceTree = "<group>"; };
		250659051C8BBB140003DC57 /* BBLSignInPickerVC.swift */ = {isa = PBXFileReference; fileEncoding = 4; lastKnownFileType = sourcecode.swift; name = BBLSignInPickerVC.swift; path = ViewControllers/BBLSignInPickerVC.swift; sourceTree = "<group>"; };
		250659061C8BBB140003DC57 /* BBLSignInPickerVC.xib */ = {isa = PBXFileReference; fileEncoding = 4; lastKnownFileType = file.xib; name = BBLSignInPickerVC.xib; path = ViewControllers/BBLSignInPickerVC.xib; sourceTree = "<group>"; };
		250659091C8C29120003DC57 /* BBLLoginViewController.xib */ = {isa = PBXFileReference; fileEncoding = 4; lastKnownFileType = file.xib; name = BBLLoginViewController.xib; path = ViewControllers/BBLLoginViewController.xib; sourceTree = "<group>"; };
		251EE2DE1C540AA200D295C3 /* UIViewController+Bumbl.swift */ = {isa = PBXFileReference; fileEncoding = 4; lastKnownFileType = sourcecode.swift; name = "UIViewController+Bumbl.swift"; path = "Extensions/UIViewController+Bumbl.swift"; sourceTree = "<group>"; };
		251EE2E01C54565C00D295C3 /* UIColor+Bumbl.swift */ = {isa = PBXFileReference; fileEncoding = 4; lastKnownFileType = sourcecode.swift; name = "UIColor+Bumbl.swift"; path = "Extensions/UIColor+Bumbl.swift"; sourceTree = "<group>"; };
		252324451D0F7F12009D20B0 /* BBLSensorValueGaugeView.swift */ = {isa = PBXFileReference; fileEncoding = 4; lastKnownFileType = sourcecode.swift; name = BBLSensorValueGaugeView.swift; path = Views/BBLSensorValueGaugeView.swift; sourceTree = "<group>"; };
		252324471D0F7F27009D20B0 /* BBLSensorValueGaugeView.xib */ = {isa = PBXFileReference; fileEncoding = 4; lastKnownFileType = file.xib; name = BBLSensorValueGaugeView.xib; path = Views/BBLSensorValueGaugeView.xib; sourceTree = "<group>"; };
		2523244D1D0FCA80009D20B0 /* BBLSensorDetailViewController.swift */ = {isa = PBXFileReference; fileEncoding = 4; lastKnownFileType = sourcecode.swift; name = BBLSensorDetailViewController.swift; path = ViewControllers/BBLSensorDetailViewController.swift; sourceTree = "<group>"; };
		2523244E1D0FCA80009D20B0 /* BBLSensorDetailViewController.xib */ = {isa = PBXFileReference; fileEncoding = 4; lastKnownFileType = file.xib; name = BBLSensorDetailViewController.xib; path = ViewControllers/BBLSensorDetailViewController.xib; sourceTree = "<group>"; };
		252324511D0FCE40009D20B0 /* MapKit.framework */ = {isa = PBXFileReference; lastKnownFileType = wrapper.framework; name = MapKit.framework; path = System/Library/Frameworks/MapKit.framework; sourceTree = SDKROOT; };
		252324551D10B7E9009D20B0 /* BBLEditSensorViewController.swift */ = {isa = PBXFileReference; fileEncoding = 4; lastKnownFileType = sourcecode.swift; name = BBLEditSensorViewController.swift; path = ViewControllers/AddSensor/BBLEditSensorViewController.swift; sourceTree = "<group>"; };
		252324561D10B7E9009D20B0 /* BBLEditSensorViewController.xib */ = {isa = PBXFileReference; fileEncoding = 4; lastKnownFileType = file.xib; name = BBLEditSensorViewController.xib; path = ViewControllers/AddSensor/BBLEditSensorViewController.xib; sourceTree = "<group>"; };
		252324591D10B8A5009D20B0 /* BBLTextField.swift */ = {isa = PBXFileReference; fileEncoding = 4; lastKnownFileType = sourcecode.swift; name = BBLTextField.swift; path = Views/BBLTextField.swift; sourceTree = "<group>"; };
		2523245B1D10BB2E009D20B0 /* BBLModalBottomButton.swift */ = {isa = PBXFileReference; fileEncoding = 4; lastKnownFileType = sourcecode.swift; name = BBLModalBottomButton.swift; path = Views/BBLModalBottomButton.swift; sourceTree = "<group>"; };
		2533A5171C51E71B000F9562 /* BBLLoginViewController.swift */ = {isa = PBXFileReference; fileEncoding = 4; lastKnownFileType = sourcecode.swift; name = BBLLoginViewController.swift; path = ViewControllers/BBLLoginViewController.swift; sourceTree = "<group>"; };
		2533A5191C51EC7B000F9562 /* BBLDebugConnectionViewController.swift */ = {isa = PBXFileReference; fileEncoding = 4; lastKnownFileType = sourcecode.swift; name = BBLDebugConnectionViewController.swift; path = ViewControllers/Debug/BBLDebugConnectionViewController.swift; sourceTree = "<group>"; };
		2533A51A1C51EC7B000F9562 /* BBLDebugConnectionViewController.xib */ = {isa = PBXFileReference; fileEncoding = 4; lastKnownFileType = file.xib; name = BBLDebugConnectionViewController.xib; path = ViewControllers/Debug/BBLDebugConnectionViewController.xib; sourceTree = "<group>"; };
		2533A51D1C520897000F9562 /* BBLSession.swift */ = {isa = PBXFileReference; fileEncoding = 4; lastKnownFileType = sourcecode.swift; name = BBLSession.swift; path = Models/BBLSession.swift; sourceTree = "<group>"; };
		2533A51F1C5211F5000F9562 /* BBLDebugMySensorsViewController.swift */ = {isa = PBXFileReference; fileEncoding = 4; lastKnownFileType = sourcecode.swift; name = BBLDebugMySensorsViewController.swift; path = ViewControllers/Debug/BBLDebugMySensorsViewController.swift; sourceTree = "<group>"; };
		2533A5201C5211F5000F9562 /* BBLDebugMySensorsViewController.xib */ = {isa = PBXFileReference; fileEncoding = 4; lastKnownFileType = file.xib; name = BBLDebugMySensorsViewController.xib; path = ViewControllers/Debug/BBLDebugMySensorsViewController.xib; sourceTree = "<group>"; };
		2533A5231C53EFAA000F9562 /* BBLParseAPIClient.swift */ = {isa = PBXFileReference; fileEncoding = 4; lastKnownFileType = sourcecode.swift; name = BBLParseAPIClient.swift; path = Clients/BBLParseAPIClient.swift; sourceTree = "<group>"; };
		253A10631D1120B700EBC02E /* BBLConnectionViewController.swift */ = {isa = PBXFileReference; fileEncoding = 4; lastKnownFileType = sourcecode.swift; name = BBLConnectionViewController.swift; path = ViewControllers/AddSensor/BBLConnectionViewController.swift; sourceTree = "<group>"; };
		253A10641D1120B700EBC02E /* BBLConnectionViewController.xib */ = {isa = PBXFileReference; fileEncoding = 4; lastKnownFileType = file.xib; name = BBLConnectionViewController.xib; path = ViewControllers/AddSensor/BBLConnectionViewController.xib; sourceTree = "<group>"; };
		253A10671D1127E400EBC02E /* BBLAddSensorViewController.swift */ = {isa = PBXFileReference; fileEncoding = 4; lastKnownFileType = sourcecode.swift; name = BBLAddSensorViewController.swift; path = ViewControllers/AddSensor/BBLAddSensorViewController.swift; sourceTree = "<group>"; };
		253A10691D112AEC00EBC02E /* BBLAddSensorViewController.xib */ = {isa = PBXFileReference; fileEncoding = 4; lastKnownFileType = file.xib; name = BBLAddSensorViewController.xib; path = ViewControllers/AddSensor/BBLAddSensorViewController.xib; sourceTree = "<group>"; };
		257672141D112FA800B63ACE /* BBLEmergencyContactsViewController.swift */ = {isa = PBXFileReference; fileEncoding = 4; lastKnownFileType = sourcecode.swift; name = BBLEmergencyContactsViewController.swift; path = ViewControllers/EmergencyContacts/BBLEmergencyContactsViewController.swift; sourceTree = "<group>"; };
		257672151D112FA800B63ACE /* BBLEmergencyContactsViewController.xib */ = {isa = PBXFileReference; fileEncoding = 4; lastKnownFileType = file.xib; name = BBLEmergencyContactsViewController.xib; path = ViewControllers/EmergencyContacts/BBLEmergencyContactsViewController.xib; sourceTree = "<group>"; };
		2579339D1C6697F1000F3CA6 /* BBLStateMachine.swift */ = {isa = PBXFileReference; fileEncoding = 4; lastKnownFileType = sourcecode.swift; name = BBLStateMachine.swift; path = HelperClasses/BBLStateMachine.swift; sourceTree = "<group>"; };
		257EF4851D56C50200CF9F63 /* GoogleService-Info.plist */ = {isa = PBXFileReference; fileEncoding = 4; lastKnownFileType = text.plist.xml; name = "GoogleService-Info.plist"; path = "SupportingFiles/GoogleService-Info.plist"; sourceTree = "<group>"; };
		257EF4871D56C8AA00CF9F63 /* BBLActivityLogger.swift */ = {isa = PBXFileReference; fileEncoding = 4; lastKnownFileType = sourcecode.swift; name = BBLActivityLogger.swift; path = HelperClasses/BBLActivityLogger.swift; sourceTree = "<group>"; };
		25920A5E1C5469B0007727BD /* BBLDebugMySensorsTableViewCell.swift */ = {isa = PBXFileReference; fileEncoding = 4; lastKnownFileType = sourcecode.swift; name = BBLDebugMySensorsTableViewCell.swift; path = Views/Debug/BBLDebugMySensorsTableViewCell.swift; sourceTree = "<group>"; };
		2592264BB6C1997D49E7DB78 /* Pods-Bumbl.debug.xcconfig */ = {isa = PBXFileReference; includeInIndex = 1; lastKnownFileType = text.xcconfig; name = "Pods-Bumbl.debug.xcconfig"; path = "Pods/Target Support Files/Pods-Bumbl/Pods-Bumbl.debug.xcconfig"; sourceTree = "<group>"; };
		259A39FE1C4B963B00706E6A /* BBLSensorManager.swift */ = {isa = PBXFileReference; fileEncoding = 4; lastKnownFileType = sourcecode.swift; name = BBLSensorManager.swift; path = Managers/BBLSensorManager.swift; sourceTree = "<group>"; };
		259A3A001C4CBC3C00706E6A /* BBLConstants.swift */ = {isa = PBXFileReference; fileEncoding = 4; lastKnownFileType = sourcecode.swift; name = BBLConstants.swift; path = SupportingFiles/BBLConstants.swift; sourceTree = "<group>"; };
		25AF02E61CF1228400718172 /* UIView+Bumbl.swift */ = {isa = PBXFileReference; fileEncoding = 4; lastKnownFileType = sourcecode.swift; name = "UIView+Bumbl.swift"; path = "Extensions/UIView+Bumbl.swift"; sourceTree = "<group>"; };
		25AF02E81CF1297E00718172 /* UITextField+Bumbl.swift */ = {isa = PBXFileReference; fileEncoding = 4; lastKnownFileType = sourcecode.swift; name = "UITextField+Bumbl.swift"; path = "Extensions/UITextField+Bumbl.swift"; sourceTree = "<group>"; };
		25AF02EC1CF189F200718172 /* BBLDebugMySensorsTableViewCell.xib */ = {isa = PBXFileReference; fileEncoding = 4; lastKnownFileType = file.xib; name = BBLDebugMySensorsTableViewCell.xib; path = Views/Debug/BBLDebugMySensorsTableViewCell.xib; sourceTree = "<group>"; };
		25AF02EE1CF18A9000718172 /* BBLMySensorsViewController.swift */ = {isa = PBXFileReference; fileEncoding = 4; lastKnownFileType = sourcecode.swift; name = BBLMySensorsViewController.swift; path = ViewControllers/BBLMySensorsViewController.swift; sourceTree = "<group>"; };
		25AF02EF1CF18A9000718172 /* BBLMySensorsViewController.xib */ = {isa = PBXFileReference; fileEncoding = 4; lastKnownFileType = file.xib; name = BBLMySensorsViewController.xib; path = ViewControllers/BBLMySensorsViewController.xib; sourceTree = "<group>"; };
		25AF02F21CF18C4900718172 /* BBLMySensorsTableViewCell.swift */ = {isa = PBXFileReference; fileEncoding = 4; lastKnownFileType = sourcecode.swift; name = BBLMySensorsTableViewCell.swift; path = Views/BBLMySensorsTableViewCell.swift; sourceTree = "<group>"; };
		25AF02F31CF18C4900718172 /* BBLMySensorsTableViewCell.xib */ = {isa = PBXFileReference; fileEncoding = 4; lastKnownFileType = file.xib; name = BBLMySensorsTableViewCell.xib; path = Views/BBLMySensorsTableViewCell.xib; sourceTree = "<group>"; };
		25AF02F61CF1A08600718172 /* BBLMySensorsBackgroundView.swift */ = {isa = PBXFileReference; fileEncoding = 4; lastKnownFileType = sourcecode.swift; name = BBLMySensorsBackgroundView.swift; path = Views/BBLMySensorsBackgroundView.swift; sourceTree = "<group>"; };
		25AF02F81CF1A0A700718172 /* BBLMySensorsBackgroundView.xib */ = {isa = PBXFileReference; fileEncoding = 4; lastKnownFileType = file.xib; name = BBLMySensorsBackgroundView.xib; path = Views/BBLMySensorsBackgroundView.xib; sourceTree = "<group>"; };
		25AF02FE1CF2E02700718172 /* BBLMenuViewController.swift */ = {isa = PBXFileReference; fileEncoding = 4; lastKnownFileType = sourcecode.swift; name = BBLMenuViewController.swift; path = ViewControllers/Menu/BBLMenuViewController.swift; sourceTree = "<group>"; };
		25AF03001CF2E04900718172 /* BBLMenuViewController.xib */ = {isa = PBXFileReference; fileEncoding = 4; lastKnownFileType = file.xib; name = BBLMenuViewController.xib; path = ViewControllers/Menu/BBLMenuViewController.xib; sourceTree = "<group>"; };
		25B973531C44F6EB00C5E099 /* Assets.xcassets */ = {isa = PBXFileReference; lastKnownFileType = folder.assetcatalog; name = Assets.xcassets; path = Resources/Assets.xcassets; sourceTree = "<group>"; };
		25B973551C44F7A000C5E099 /* LaunchScreen.storyboard */ = {isa = PBXFileReference; fileEncoding = 4; lastKnownFileType = file.storyboard; name = LaunchScreen.storyboard; path = SupportingFiles/LaunchScreen.storyboard; sourceTree = "<group>"; };
		25B973591C44F94D00C5E099 /* BBLSensor.swift */ = {isa = PBXFileReference; fileEncoding = 4; lastKnownFileType = sourcecode.swift; name = BBLSensor.swift; path = Models/BBLSensor.swift; sourceTree = "<group>"; };
		25B9735B1C44F9FA00C5E099 /* Bumbl-Bridging-Header.h */ = {isa = PBXFileReference; lastKnownFileType = sourcecode.c.h; name = "Bumbl-Bridging-Header.h"; path = "SupportingFiles/Bumbl-Bridging-Header.h"; sourceTree = "<group>"; };
		25D08B1C1C41EAC900319C11 /* Bumbl.app */ = {isa = PBXFileReference; explicitFileType = wrapper.application; includeInIndex = 0; path = Bumbl.app; sourceTree = BUILT_PRODUCTS_DIR; };
		25D08B1F1C41EAC900319C11 /* BBLAppDelegate.swift */ = {isa = PBXFileReference; lastKnownFileType = sourcecode.swift; name = BBLAppDelegate.swift; path = SupportingFiles/BBLAppDelegate.swift; sourceTree = "<group>"; };
		25D08B2B1C41EAC900319C11 /* Info.plist */ = {isa = PBXFileReference; lastKnownFileType = text.plist.xml; name = Info.plist; path = SupportingFiles/Info.plist; sourceTree = "<group>"; };
		25D08B301C41EAC900319C11 /* BumblTests.xctest */ = {isa = PBXFileReference; explicitFileType = wrapper.cfbundle; includeInIndex = 0; path = BumblTests.xctest; sourceTree = BUILT_PRODUCTS_DIR; };
		25D08B341C41EAC900319C11 /* BumblTests.swift */ = {isa = PBXFileReference; lastKnownFileType = sourcecode.swift; path = BumblTests.swift; sourceTree = "<group>"; };
		25D08B361C41EAC900319C11 /* Info.plist */ = {isa = PBXFileReference; lastKnownFileType = text.plist.xml; path = Info.plist; sourceTree = "<group>"; };
		25F3E2871C4F735800E2F852 /* BBLParent.swift */ = {isa = PBXFileReference; fileEncoding = 4; lastKnownFileType = sourcecode.swift; name = BBLParent.swift; path = Models/BBLParent.swift; sourceTree = "<group>"; };
		D4FD8070715456C8228E9513 /* Pods-Bumbl.release.xcconfig */ = {isa = PBXFileReference; includeInIndex = 1; lastKnownFileType = text.xcconfig; name = "Pods-Bumbl.release.xcconfig"; path = "Pods/Target Support Files/Pods-Bumbl/Pods-Bumbl.release.xcconfig"; sourceTree = "<group>"; };
		E321764C20B9583306C1F4CD /* libPods-Bumbl.a */ = {isa = PBXFileReference; explicitFileType = archive.ar; includeInIndex = 0; path = "libPods-Bumbl.a"; sourceTree = BUILT_PRODUCTS_DIR; };
/* End PBXFileReference section */

/* Begin PBXFrameworksBuildPhase section */
		25D08B191C41EAC900319C11 /* Frameworks */ = {
			isa = PBXFrameworksBuildPhase;
			buildActionMask = 2147483647;
			files = (
				252324531D0FCE94009D20B0 /* MapKit.framework in Frameworks */,
				E83705905EDF82EA44FBFCB0 /* libPods-Bumbl.a in Frameworks */,
			);
			runOnlyForDeploymentPostprocessing = 0;
		};
		25D08B2D1C41EAC900319C11 /* Frameworks */ = {
			isa = PBXFrameworksBuildPhase;
			buildActionMask = 2147483647;
			files = (
			);
			runOnlyForDeploymentPostprocessing = 0;
		};
/* End PBXFrameworksBuildPhase section */

/* Begin PBXGroup section */
		0E89F6D36059E4195C59D4FC /* Frameworks */ = {
			isa = PBXGroup;
			children = (
				252324511D0FCE40009D20B0 /* MapKit.framework */,
				E321764C20B9583306C1F4CD /* libPods-Bumbl.a */,
			);
			name = Frameworks;
			sourceTree = "<group>";
		};
		250658FC1C8BA1210003DC57 /* Onboarding */ = {
			isa = PBXGroup;
			children = (
				250658FD1C8BA1630003DC57 /* BBLIntroViewController.swift */,
				250658FE1C8BA1630003DC57 /* BBLIntroViewController.xib */,
				250659011C8BB2820003DC57 /* BBLRemoveBatteryTabViewController.swift */,
				250659021C8BB2820003DC57 /* BBLRemoveBatteryTabViewController.xib */,
			);
			name = Onboarding;
			sourceTree = "<group>";
		};
		251EE2DD1C540A4700D295C3 /* Extensions */ = {
			isa = PBXGroup;
			children = (
				251EE2DE1C540AA200D295C3 /* UIViewController+Bumbl.swift */,
				251EE2E01C54565C00D295C3 /* UIColor+Bumbl.swift */,
				25AF02E61CF1228400718172 /* UIView+Bumbl.swift */,
				25AF02E81CF1297E00718172 /* UITextField+Bumbl.swift */,
			);
			name = Extensions;
			sourceTree = "<group>";
		};
		252324541D10B7BE009D20B0 /* AddSensor */ = {
			isa = PBXGroup;
			children = (
				252324551D10B7E9009D20B0 /* BBLEditSensorViewController.swift */,
				252324561D10B7E9009D20B0 /* BBLEditSensorViewController.xib */,
				253A10631D1120B700EBC02E /* BBLConnectionViewController.swift */,
				253A10641D1120B700EBC02E /* BBLConnectionViewController.xib */,
				253A10671D1127E400EBC02E /* BBLAddSensorViewController.swift */,
				253A10691D112AEC00EBC02E /* BBLAddSensorViewController.xib */,
			);
			name = AddSensor;
			sourceTree = "<group>";
		};
		257672131D112F7500B63ACE /* EmergencyContacts */ = {
			isa = PBXGroup;
			children = (
				257672141D112FA800B63ACE /* BBLEmergencyContactsViewController.swift */,
				257672151D112FA800B63ACE /* BBLEmergencyContactsViewController.xib */,
			);
			name = EmergencyContacts;
			sourceTree = "<group>";
		};
		2579339F1C6697F8000F3CA6 /* HelperClasses */ = {
			isa = PBXGroup;
			children = (
				2579339D1C6697F1000F3CA6 /* BBLStateMachine.swift */,
				257EF4871D56C8AA00CF9F63 /* BBLActivityLogger.swift */,
			);
			name = HelperClasses;
			sourceTree = "<group>";
		};
		25920A5D1C546987007727BD /* Views */ = {
			isa = PBXGroup;
			children = (
				25AF02EB1CF1899A00718172 /* Debug */,
				25AF02F21CF18C4900718172 /* BBLMySensorsTableViewCell.swift */,
				25AF02F31CF18C4900718172 /* BBLMySensorsTableViewCell.xib */,
				25AF02F61CF1A08600718172 /* BBLMySensorsBackgroundView.swift */,
				25AF02F81CF1A0A700718172 /* BBLMySensorsBackgroundView.xib */,
				252324451D0F7F12009D20B0 /* BBLSensorValueGaugeView.swift */,
				252324471D0F7F27009D20B0 /* BBLSensorValueGaugeView.xib */,
				252324591D10B8A5009D20B0 /* BBLTextField.swift */,
				2523245B1D10BB2E009D20B0 /* BBLModalBottomButton.swift */,
			);
			name = Views;
			sourceTree = "<group>";
		};
		259A39FD1C4B960C00706E6A /* Managers */ = {
			isa = PBXGroup;
			children = (
				259A39FE1C4B963B00706E6A /* BBLSensorManager.swift */,
			);
			name = Managers;
			sourceTree = "<group>";
		};
		25AF02EA1CF187EA00718172 /* Debug */ = {
			isa = PBXGroup;
			children = (
				2533A5191C51EC7B000F9562 /* BBLDebugConnectionViewController.swift */,
				2533A51A1C51EC7B000F9562 /* BBLDebugConnectionViewController.xib */,
				2533A51F1C5211F5000F9562 /* BBLDebugMySensorsViewController.swift */,
				2533A5201C5211F5000F9562 /* BBLDebugMySensorsViewController.xib */,
			);
			name = Debug;
			sourceTree = "<group>";
		};
		25AF02EB1CF1899A00718172 /* Debug */ = {
			isa = PBXGroup;
			children = (
				25AF02EC1CF189F200718172 /* BBLDebugMySensorsTableViewCell.xib */,
				25920A5E1C5469B0007727BD /* BBLDebugMySensorsTableViewCell.swift */,
			);
			name = Debug;
			sourceTree = "<group>";
		};
		25AF02FA1CF2BF9400718172 /* Protocols */ = {
			isa = PBXGroup;
			children = (
			);
			name = Protocols;
			sourceTree = "<group>";
		};
		25AF02FD1CF2DFEB00718172 /* Menu */ = {
			isa = PBXGroup;
			children = (
				25AF02FE1CF2E02700718172 /* BBLMenuViewController.swift */,
				25AF03001CF2E04900718172 /* BBLMenuViewController.xib */,
			);
			name = Menu;
			sourceTree = "<group>";
		};
		25B9734E1C44F5CF00C5E099 /* Models */ = {
			isa = PBXGroup;
			children = (
				25B973591C44F94D00C5E099 /* BBLSensor.swift */,
				25F3E2871C4F735800E2F852 /* BBLParent.swift */,
				2533A51D1C520897000F9562 /* BBLSession.swift */,
			);
			name = Models;
			sourceTree = "<group>";
		};
		25B9734F1C44F5DD00C5E099 /* ViewControllers */ = {
			isa = PBXGroup;
			children = (
				257672131D112F7500B63ACE /* EmergencyContacts */,
				252324541D10B7BE009D20B0 /* AddSensor */,
				25AF02FD1CF2DFEB00718172 /* Menu */,
				25AF02EA1CF187EA00718172 /* Debug */,
				250658FC1C8BA1210003DC57 /* Onboarding */,
				2533A5171C51E71B000F9562 /* BBLLoginViewController.swift */,
				250659091C8C29120003DC57 /* BBLLoginViewController.xib */,
				250659051C8BBB140003DC57 /* BBLSignInPickerVC.swift */,
				250659061C8BBB140003DC57 /* BBLSignInPickerVC.xib */,
				25AF02EE1CF18A9000718172 /* BBLMySensorsViewController.swift */,
				25AF02EF1CF18A9000718172 /* BBLMySensorsViewController.xib */,
				2523244D1D0FCA80009D20B0 /* BBLSensorDetailViewController.swift */,
				2523244E1D0FCA80009D20B0 /* BBLSensorDetailViewController.xib */,
			);
			name = ViewControllers;
			sourceTree = "<group>";
		};
		25B973501C44F5E900C5E099 /* Clients */ = {
			isa = PBXGroup;
			children = (
				2533A5231C53EFAA000F9562 /* BBLParseAPIClient.swift */,
			);
			name = Clients;
			sourceTree = "<group>";
		};
		25B973511C44F5F500C5E099 /* SupportingFiles */ = {
			isa = PBXGroup;
			children = (
				25D08B1F1C41EAC900319C11 /* BBLAppDelegate.swift */,
				259A3A001C4CBC3C00706E6A /* BBLConstants.swift */,
				25B9735B1C44F9FA00C5E099 /* Bumbl-Bridging-Header.h */,
				25D08B2B1C41EAC900319C11 /* Info.plist */,
				257EF4851D56C50200CF9F63 /* GoogleService-Info.plist */,
				25B973551C44F7A000C5E099 /* LaunchScreen.storyboard */,
			);
			name = SupportingFiles;
			sourceTree = "<group>";
		};
		25B973521C44F64900C5E099 /* Resources */ = {
			isa = PBXGroup;
			children = (
				25B973531C44F6EB00C5E099 /* Assets.xcassets */,
			);
			name = Resources;
			sourceTree = "<group>";
		};
		25D08B131C41EAC900319C11 = {
			isa = PBXGroup;
			children = (
				25D08B1E1C41EAC900319C11 /* Bumbl */,
				25D08B331C41EAC900319C11 /* BumblTests */,
				25D08B1D1C41EAC900319C11 /* Products */,
				2D938AD1DF2507A65D8A7366 /* Pods */,
				0E89F6D36059E4195C59D4FC /* Frameworks */,
			);
			sourceTree = "<group>";
		};
		25D08B1D1C41EAC900319C11 /* Products */ = {
			isa = PBXGroup;
			children = (
				25D08B1C1C41EAC900319C11 /* Bumbl.app */,
				25D08B301C41EAC900319C11 /* BumblTests.xctest */,
			);
			name = Products;
			sourceTree = "<group>";
		};
		25D08B1E1C41EAC900319C11 /* Bumbl */ = {
			isa = PBXGroup;
			children = (
				25AF02FA1CF2BF9400718172 /* Protocols */,
				2579339F1C6697F8000F3CA6 /* HelperClasses */,
				25920A5D1C546987007727BD /* Views */,
				251EE2DD1C540A4700D295C3 /* Extensions */,
				25B973521C44F64900C5E099 /* Resources */,
				25B973511C44F5F500C5E099 /* SupportingFiles */,
				25B973501C44F5E900C5E099 /* Clients */,
				25B9734F1C44F5DD00C5E099 /* ViewControllers */,
				25B9734E1C44F5CF00C5E099 /* Models */,
				259A39FD1C4B960C00706E6A /* Managers */,
			);
			path = Bumbl;
			sourceTree = "<group>";
		};
		25D08B331C41EAC900319C11 /* BumblTests */ = {
			isa = PBXGroup;
			children = (
				25D08B341C41EAC900319C11 /* BumblTests.swift */,
				25D08B361C41EAC900319C11 /* Info.plist */,
			);
			path = BumblTests;
			sourceTree = "<group>";
		};
		2D938AD1DF2507A65D8A7366 /* Pods */ = {
			isa = PBXGroup;
			children = (
				2592264BB6C1997D49E7DB78 /* Pods-Bumbl.debug.xcconfig */,
				D4FD8070715456C8228E9513 /* Pods-Bumbl.release.xcconfig */,
			);
			name = Pods;
			sourceTree = "<group>";
		};
/* End PBXGroup section */

/* Begin PBXNativeTarget section */
		25D08B1B1C41EAC900319C11 /* Bumbl */ = {
			isa = PBXNativeTarget;
			buildConfigurationList = 25D08B391C41EAC900319C11 /* Build configuration list for PBXNativeTarget "Bumbl" */;
			buildPhases = (
				C8900F63D75ABA61967F5A3F /* Check Pods Manifest.lock */,
				25D08B181C41EAC900319C11 /* Sources */,
				25D08B191C41EAC900319C11 /* Frameworks */,
				25D08B1A1C41EAC900319C11 /* Resources */,
				3A4B358627C1522074A64304 /* Embed Pods Frameworks */,
				3097623FB70CBDD1FD845AA1 /* Copy Pods Resources */,
				25F7F8671C4790F000C227FD /* ShellScript */,
			);
			buildRules = (
			);
			dependencies = (
			);
			name = Bumbl;
			productName = Bumbl;
			productReference = 25D08B1C1C41EAC900319C11 /* Bumbl.app */;
			productType = "com.apple.product-type.application";
		};
		25D08B2F1C41EAC900319C11 /* BumblTests */ = {
			isa = PBXNativeTarget;
			buildConfigurationList = 25D08B3C1C41EAC900319C11 /* Build configuration list for PBXNativeTarget "BumblTests" */;
			buildPhases = (
				25D08B2C1C41EAC900319C11 /* Sources */,
				25D08B2D1C41EAC900319C11 /* Frameworks */,
				25D08B2E1C41EAC900319C11 /* Resources */,
			);
			buildRules = (
			);
			dependencies = (
				25D08B321C41EAC900319C11 /* PBXTargetDependency */,
			);
			name = BumblTests;
			productName = BumblTests;
			productReference = 25D08B301C41EAC900319C11 /* BumblTests.xctest */;
			productType = "com.apple.product-type.bundle.unit-test";
		};
/* End PBXNativeTarget section */

/* Begin PBXProject section */
		25D08B141C41EAC900319C11 /* Project object */ = {
			isa = PBXProject;
			attributes = {
				LastSwiftUpdateCheck = 0720;
				LastUpgradeCheck = 0720;
				ORGANIZATIONNAME = "Randy Ting";
				TargetAttributes = {
					25D08B1B1C41EAC900319C11 = {
						CreatedOnToolsVersion = 7.2;
						DevelopmentTeam = FGTTBWXGA6;
						SystemCapabilities = {
							com.apple.BackgroundModes = {
								enabled = 1;
							};
						};
					};
					25D08B2F1C41EAC900319C11 = {
						CreatedOnToolsVersion = 7.2;
						TestTargetID = 25D08B1B1C41EAC900319C11;
					};
				};
			};
			buildConfigurationList = 25D08B171C41EAC900319C11 /* Build configuration list for PBXProject "Bumbl" */;
			compatibilityVersion = "Xcode 3.2";
			developmentRegion = English;
			hasScannedForEncodings = 0;
			knownRegions = (
				en,
				Base,
			);
			mainGroup = 25D08B131C41EAC900319C11;
			productRefGroup = 25D08B1D1C41EAC900319C11 /* Products */;
			projectDirPath = "";
			projectRoot = "";
			targets = (
				25D08B1B1C41EAC900319C11 /* Bumbl */,
				25D08B2F1C41EAC900319C11 /* BumblTests */,
			);
		};
/* End PBXProject section */

/* Begin PBXResourcesBuildPhase section */
		25D08B1A1C41EAC900319C11 /* Resources */ = {
			isa = PBXResourcesBuildPhase;
			buildActionMask = 2147483647;
			files = (
				253A10661D1120B700EBC02E /* BBLConnectionViewController.xib in Resources */,
				250659001C8BA1630003DC57 /* BBLIntroViewController.xib in Resources */,
				25AF02F11CF18A9000718172 /* BBLMySensorsViewController.xib in Resources */,
				253A106A1D112AEC00EBC02E /* BBLAddSensorViewController.xib in Resources */,
				250659041C8BB2820003DC57 /* BBLRemoveBatteryTabViewController.xib in Resources */,
				2506590A1C8C29120003DC57 /* BBLLoginViewController.xib in Resources */,
				25AF03011CF2E04900718172 /* BBLMenuViewController.xib in Resources */,
				25B973541C44F6EB00C5E099 /* Assets.xcassets in Resources */,
				25B973561C44F7A000C5E099 /* LaunchScreen.storyboard in Resources */,
				2533A51C1C51EC7B000F9562 /* BBLDebugConnectionViewController.xib in Resources */,
				257672171D112FA800B63ACE /* BBLEmergencyContactsViewController.xib in Resources */,
				250659081C8BBB140003DC57 /* BBLSignInPickerVC.xib in Resources */,
				252324501D0FCA80009D20B0 /* BBLSensorDetailViewController.xib in Resources */,
				252324481D0F7F27009D20B0 /* BBLSensorValueGaugeView.xib in Resources */,
				25AF02ED1CF189F200718172 /* BBLDebugMySensorsTableViewCell.xib in Resources */,
				25AF02F91CF1A0A700718172 /* BBLMySensorsBackgroundView.xib in Resources */,
				25AF02F51CF18C4900718172 /* BBLMySensorsTableViewCell.xib in Resources */,
				257EF4861D56C50200CF9F63 /* GoogleService-Info.plist in Resources */,
				2533A5221C5211F5000F9562 /* BBLDebugMySensorsViewController.xib in Resources */,
				252324581D10B7E9009D20B0 /* BBLEditSensorViewController.xib in Resources */,
			);
			runOnlyForDeploymentPostprocessing = 0;
		};
		25D08B2E1C41EAC900319C11 /* Resources */ = {
			isa = PBXResourcesBuildPhase;
			buildActionMask = 2147483647;
			files = (
			);
			runOnlyForDeploymentPostprocessing = 0;
		};
/* End PBXResourcesBuildPhase section */

/* Begin PBXShellScriptBuildPhase section */
		25F7F8671C4790F000C227FD /* ShellScript */ = {
			isa = PBXShellScriptBuildPhase;
			buildActionMask = 2147483647;
			files = (
			);
			inputPaths = (
			);
			outputPaths = (
			);
			runOnlyForDeploymentPostprocessing = 0;
			shellPath = /bin/sh;
			shellScript = "\"${PODS_ROOT}/Fabric/run\" 599c5ecb4714ad6e5a3541f7e2fea5b4060f7dd0 1b9697470749d08e0e967b94ec11efe400daa0cfefd8792b703aa3e1991eaafd";
		};
		3097623FB70CBDD1FD845AA1 /* Copy Pods Resources */ = {
			isa = PBXShellScriptBuildPhase;
			buildActionMask = 2147483647;
			files = (
			);
			inputPaths = (
			);
			name = "Copy Pods Resources";
			outputPaths = (
			);
			runOnlyForDeploymentPostprocessing = 0;
			shellPath = /bin/sh;
			shellScript = "\"${SRCROOT}/Pods/Target Support Files/Pods-Bumbl/Pods-Bumbl-resources.sh\"\n";
			showEnvVarsInLog = 0;
		};
		3A4B358627C1522074A64304 /* Embed Pods Frameworks */ = {
			isa = PBXShellScriptBuildPhase;
			buildActionMask = 2147483647;
			files = (
			);
			inputPaths = (
			);
			name = "Embed Pods Frameworks";
			outputPaths = (
			);
			runOnlyForDeploymentPostprocessing = 0;
			shellPath = /bin/sh;
			shellScript = "\"${SRCROOT}/Pods/Target Support Files/Pods-Bumbl/Pods-Bumbl-frameworks.sh\"\n";
			showEnvVarsInLog = 0;
		};
		C8900F63D75ABA61967F5A3F /* Check Pods Manifest.lock */ = {
			isa = PBXShellScriptBuildPhase;
			buildActionMask = 2147483647;
			files = (
			);
			inputPaths = (
			);
			name = "Check Pods Manifest.lock";
			outputPaths = (
			);
			runOnlyForDeploymentPostprocessing = 0;
			shellPath = /bin/sh;
			shellScript = "diff \"${PODS_ROOT}/../Podfile.lock\" \"${PODS_ROOT}/Manifest.lock\" > /dev/null\nif [[ $? != 0 ]] ; then\n    cat << EOM\nerror: The sandbox is not in sync with the Podfile.lock. Run 'pod install' or update your CocoaPods installation.\nEOM\n    exit 1\nfi\n";
			showEnvVarsInLog = 0;
		};
/* End PBXShellScriptBuildPhase section */

/* Begin PBXSourcesBuildPhase section */
		25D08B181C41EAC900319C11 /* Sources */ = {
			isa = PBXSourcesBuildPhase;
			buildActionMask = 2147483647;
			files = (
				2533A5181C51E71B000F9562 /* BBLLoginViewController.swift in Sources */,
				250659031C8BB2820003DC57 /* BBLRemoveBatteryTabViewController.swift in Sources */,
				25AF02F01CF18A9000718172 /* BBLMySensorsViewController.swift in Sources */,
				25F3E2881C4F735800E2F852 /* BBLParent.swift in Sources */,
				25AF02F71CF1A08600718172 /* BBLMySensorsBackgroundView.swift in Sources */,
				259A3A011C4CBC3C00706E6A /* BBLConstants.swift in Sources */,
				25D08B201C41EAC900319C11 /* BBLAppDelegate.swift in Sources */,
				2523245C1D10BB2E009D20B0 /* BBLModalBottomButton.swift in Sources */,
				25AF02E71CF1228400718172 /* UIView+Bumbl.swift in Sources */,
				259A39FF1C4B963B00706E6A /* BBLSensorManager.swift in Sources */,
				253A10681D1127E400EBC02E /* BBLAddSensorViewController.swift in Sources */,
				2523245A1D10B8A5009D20B0 /* BBLTextField.swift in Sources */,
				250659071C8BBB140003DC57 /* BBLSignInPickerVC.swift in Sources */,
				2533A51B1C51EC7B000F9562 /* BBLDebugConnectionViewController.swift in Sources */,
				252324571D10B7E9009D20B0 /* BBLEditSensorViewController.swift in Sources */,
				257EF4881D56C8AA00CF9F63 /* BBLActivityLogger.swift in Sources */,
				257672161D112FA800B63ACE /* BBLEmergencyContactsViewController.swift in Sources */,
				2533A5241C53EFAA000F9562 /* BBLParseAPIClient.swift in Sources */,
				2533A5211C5211F5000F9562 /* BBLDebugMySensorsViewController.swift in Sources */,
				251EE2DF1C540AA200D295C3 /* UIViewController+Bumbl.swift in Sources */,
				253A10651D1120B700EBC02E /* BBLConnectionViewController.swift in Sources */,
				25B9735A1C44F94D00C5E099 /* BBLSensor.swift in Sources */,
				25AF02E91CF1297E00718172 /* UITextField+Bumbl.swift in Sources */,
				25AF02FF1CF2E02700718172 /* BBLMenuViewController.swift in Sources */,
				2579339E1C6697F1000F3CA6 /* BBLStateMachine.swift in Sources */,
				25AF02F41CF18C4900718172 /* BBLMySensorsTableViewCell.swift in Sources */,
				252324461D0F7F12009D20B0 /* BBLSensorValueGaugeView.swift in Sources */,
				25920A601C5469B0007727BD /* BBLDebugMySensorsTableViewCell.swift in Sources */,
				251EE2E11C54565C00D295C3 /* UIColor+Bumbl.swift in Sources */,
				2523244F1D0FCA80009D20B0 /* BBLSensorDetailViewController.swift in Sources */,
				250658FF1C8BA1630003DC57 /* BBLIntroViewController.swift in Sources */,
				2533A51E1C520897000F9562 /* BBLSession.swift in Sources */,
			);
			runOnlyForDeploymentPostprocessing = 0;
		};
		25D08B2C1C41EAC900319C11 /* Sources */ = {
			isa = PBXSourcesBuildPhase;
			buildActionMask = 2147483647;
			files = (
				25D08B351C41EAC900319C11 /* BumblTests.swift in Sources */,
			);
			runOnlyForDeploymentPostprocessing = 0;
		};
/* End PBXSourcesBuildPhase section */

/* Begin PBXTargetDependency section */
		25D08B321C41EAC900319C11 /* PBXTargetDependency */ = {
			isa = PBXTargetDependency;
			target = 25D08B1B1C41EAC900319C11 /* Bumbl */;
			targetProxy = 25D08B311C41EAC900319C11 /* PBXContainerItemProxy */;
		};
/* End PBXTargetDependency section */

/* Begin XCBuildConfiguration section */
		25D08B371C41EAC900319C11 /* Debug */ = {
			isa = XCBuildConfiguration;
			buildSettings = {
				ALWAYS_SEARCH_USER_PATHS = NO;
				CLANG_CXX_LANGUAGE_STANDARD = "gnu++0x";
				CLANG_CXX_LIBRARY = "libc++";
				CLANG_ENABLE_MODULES = YES;
				CLANG_ENABLE_OBJC_ARC = YES;
				CLANG_WARN_BOOL_CONVERSION = YES;
				CLANG_WARN_CONSTANT_CONVERSION = YES;
				CLANG_WARN_DIRECT_OBJC_ISA_USAGE = YES_ERROR;
				CLANG_WARN_EMPTY_BODY = YES;
				CLANG_WARN_ENUM_CONVERSION = YES;
				CLANG_WARN_INT_CONVERSION = YES;
				CLANG_WARN_OBJC_ROOT_CLASS = YES_ERROR;
				CLANG_WARN_UNREACHABLE_CODE = YES;
				CLANG_WARN__DUPLICATE_METHOD_MATCH = YES;
				"CODE_SIGN_IDENTITY[sdk=iphoneos*]" = "iPhone Developer";
				COPY_PHASE_STRIP = NO;
				DEBUG_INFORMATION_FORMAT = dwarf;
				ENABLE_STRICT_OBJC_MSGSEND = YES;
				ENABLE_TESTABILITY = YES;
				GCC_C_LANGUAGE_STANDARD = gnu99;
				GCC_DYNAMIC_NO_PIC = NO;
				GCC_NO_COMMON_BLOCKS = YES;
				GCC_OPTIMIZATION_LEVEL = 0;
				GCC_PREPROCESSOR_DEFINITIONS = (
					"DEBUG=1",
					"$(inherited)",
				);
				GCC_WARN_64_TO_32_BIT_CONVERSION = YES;
				GCC_WARN_ABOUT_RETURN_TYPE = YES_ERROR;
				GCC_WARN_UNDECLARED_SELECTOR = YES;
				GCC_WARN_UNINITIALIZED_AUTOS = YES_AGGRESSIVE;
				GCC_WARN_UNUSED_FUNCTION = YES;
				GCC_WARN_UNUSED_VARIABLE = YES;
				IPHONEOS_DEPLOYMENT_TARGET = 9.2;
				MTL_ENABLE_DEBUG_INFO = YES;
				ONLY_ACTIVE_ARCH = YES;
				SDKROOT = iphoneos;
				SWIFT_OPTIMIZATION_LEVEL = "-Onone";
			};
			name = Debug;
		};
		25D08B381C41EAC900319C11 /* Release */ = {
			isa = XCBuildConfiguration;
			buildSettings = {
				ALWAYS_SEARCH_USER_PATHS = NO;
				CLANG_CXX_LANGUAGE_STANDARD = "gnu++0x";
				CLANG_CXX_LIBRARY = "libc++";
				CLANG_ENABLE_MODULES = YES;
				CLANG_ENABLE_OBJC_ARC = YES;
				CLANG_WARN_BOOL_CONVERSION = YES;
				CLANG_WARN_CONSTANT_CONVERSION = YES;
				CLANG_WARN_DIRECT_OBJC_ISA_USAGE = YES_ERROR;
				CLANG_WARN_EMPTY_BODY = YES;
				CLANG_WARN_ENUM_CONVERSION = YES;
				CLANG_WARN_INT_CONVERSION = YES;
				CLANG_WARN_OBJC_ROOT_CLASS = YES_ERROR;
				CLANG_WARN_UNREACHABLE_CODE = YES;
				CLANG_WARN__DUPLICATE_METHOD_MATCH = YES;
				"CODE_SIGN_IDENTITY[sdk=iphoneos*]" = "iPhone Developer";
				COPY_PHASE_STRIP = NO;
				DEBUG_INFORMATION_FORMAT = "dwarf-with-dsym";
				ENABLE_NS_ASSERTIONS = NO;
				ENABLE_STRICT_OBJC_MSGSEND = YES;
				GCC_C_LANGUAGE_STANDARD = gnu99;
				GCC_NO_COMMON_BLOCKS = YES;
				GCC_WARN_64_TO_32_BIT_CONVERSION = YES;
				GCC_WARN_ABOUT_RETURN_TYPE = YES_ERROR;
				GCC_WARN_UNDECLARED_SELECTOR = YES;
				GCC_WARN_UNINITIALIZED_AUTOS = YES_AGGRESSIVE;
				GCC_WARN_UNUSED_FUNCTION = YES;
				GCC_WARN_UNUSED_VARIABLE = YES;
				IPHONEOS_DEPLOYMENT_TARGET = 9.2;
				MTL_ENABLE_DEBUG_INFO = NO;
				SDKROOT = iphoneos;
				VALIDATE_PRODUCT = YES;
			};
			name = Release;
		};
		25D08B3A1C41EAC900319C11 /* Debug */ = {
			isa = XCBuildConfiguration;
			baseConfigurationReference = 2592264BB6C1997D49E7DB78 /* Pods-Bumbl.debug.xcconfig */;
			buildSettings = {
				ASSETCATALOG_COMPILER_APPICON_NAME = AppIcon;
				CLANG_ENABLE_MODULES = YES;
				CODE_SIGN_IDENTITY = "iPhone Developer";
				DEBUG_INFORMATION_FORMAT = "dwarf-with-dsym";
				INFOPLIST_FILE = "$(SRCROOT)/Bumbl/SupportingFiles/Info.plist";
				IPHONEOS_DEPLOYMENT_TARGET = 9.0;
				LD_RUNPATH_SEARCH_PATHS = "$(inherited) @executable_path/Frameworks";
				PRODUCT_BUNDLE_IDENTIFIER = com.randyting.Bumbl;
				PRODUCT_NAME = "$(TARGET_NAME)";
				SWIFT_OBJC_BRIDGING_HEADER = "Bumbl/SupportingFiles/Bumbl-Bridging-Header.h";
				SWIFT_OPTIMIZATION_LEVEL = "-Onone";
			};
			name = Debug;
		};
		25D08B3B1C41EAC900319C11 /* Release */ = {
			isa = XCBuildConfiguration;
			baseConfigurationReference = D4FD8070715456C8228E9513 /* Pods-Bumbl.release.xcconfig */;
			buildSettings = {
				ASSETCATALOG_COMPILER_APPICON_NAME = AppIcon;
				CLANG_ENABLE_MODULES = YES;
				CODE_SIGN_IDENTITY = "iPhone Developer";
				INFOPLIST_FILE = "$(SRCROOT)/Bumbl/SupportingFiles/Info.plist";
				IPHONEOS_DEPLOYMENT_TARGET = 9.0;
				LD_RUNPATH_SEARCH_PATHS = "$(inherited) @executable_path/Frameworks";
				PRODUCT_BUNDLE_IDENTIFIER = com.randyting.Bumbl;
				PRODUCT_NAME = "$(TARGET_NAME)";
				SWIFT_OBJC_BRIDGING_HEADER = "Bumbl/SupportingFiles/Bumbl-Bridging-Header.h";
			};
			name = Release;
		};
		25D08B3D1C41EAC900319C11 /* Debug */ = {
			isa = XCBuildConfiguration;
			buildSettings = {
				BUNDLE_LOADER = "$(TEST_HOST)";
				INFOPLIST_FILE = BumblTests/Info.plist;
				LD_RUNPATH_SEARCH_PATHS = "$(inherited) @executable_path/Frameworks @loader_path/Frameworks";
				PRODUCT_BUNDLE_IDENTIFIER = com.randyting.BumblTests;
				PRODUCT_NAME = "$(TARGET_NAME)";
				TEST_HOST = "$(BUILT_PRODUCTS_DIR)/Bumbl.app/Bumbl";
			};
			name = Debug;
		};
		25D08B3E1C41EAC900319C11 /* Release */ = {
			isa = XCBuildConfiguration;
			buildSettings = {
				BUNDLE_LOADER = "$(TEST_HOST)";
				INFOPLIST_FILE = BumblTests/Info.plist;
				LD_RUNPATH_SEARCH_PATHS = "$(inherited) @executable_path/Frameworks @loader_path/Frameworks";
				PRODUCT_BUNDLE_IDENTIFIER = com.randyting.BumblTests;
				PRODUCT_NAME = "$(TARGET_NAME)";
				TEST_HOST = "$(BUILT_PRODUCTS_DIR)/Bumbl.app/Bumbl";
			};
			name = Release;
		};
/* End XCBuildConfiguration section */

/* Begin XCConfigurationList section */
		25D08B171C41EAC900319C11 /* Build configuration list for PBXProject "Bumbl" */ = {
			isa = XCConfigurationList;
			buildConfigurations = (
				25D08B371C41EAC900319C11 /* Debug */,
				25D08B381C41EAC900319C11 /* Release */,
			);
			defaultConfigurationIsVisible = 0;
			defaultConfigurationName = Release;
		};
		25D08B391C41EAC900319C11 /* Build configuration list for PBXNativeTarget "Bumbl" */ = {
			isa = XCConfigurationList;
			buildConfigurations = (
				25D08B3A1C41EAC900319C11 /* Debug */,
				25D08B3B1C41EAC900319C11 /* Release */,
			);
			defaultConfigurationIsVisible = 0;
			defaultConfigurationName = Release;
		};
		25D08B3C1C41EAC900319C11 /* Build configuration list for PBXNativeTarget "BumblTests" */ = {
			isa = XCConfigurationList;
			buildConfigurations = (
				25D08B3D1C41EAC900319C11 /* Debug */,
				25D08B3E1C41EAC900319C11 /* Release */,
			);
			defaultConfigurationIsVisible = 0;
			defaultConfigurationName = Release;
		};
/* End XCConfigurationList section */
	};
	rootObject = 25D08B141C41EAC900319C11 /* Project object */;
}
